
Microsoft Visual Studio Solution File, Format Version 12.00
# Visual Studio Version 17
VisualStudioVersion = 17.7.34202.233
MinimumVisualStudioVersion = 10.0.40219.1
Project("{9A19103F-16F7-4668-BE54-9A1E7A4F7556}") = "Lusitan.GPES.Core", "Lusitan.GPES.Core\Lusitan.GPES.Core.csproj", "{0BEEA217-C6A6-4562-BC2C-7C08352EEDFA}"
EndProject
Project("{2150E333-8FDC-42A3-9474-1A3956D46DE8}") = "3 - Domonio", "3 - Domonio", "{8E6CBD7F-1AA3-4437-AC13-848987D00B55}"
EndProject
Project("{2150E333-8FDC-42A3-9474-1A3956D46DE8}") = "4 - Infra", "4 - Infra", "{1E97AD90-AE56-4829-94C5-F0A725D58FC3}"
EndProject
Project("{2150E333-8FDC-42A3-9474-1A3956D46DE8}") = "4.1 - Dados", "4.1 - Dados", "{EE1A6A49-CB80-434D-B2E7-A51D216F3CB9}"
EndProject
Project("{9A19103F-16F7-4668-BE54-9A1E7A4F7556}") = "Lusitan.GPES.Infra.Repositorio", "Lusitan.GPES.Infra.Repositorio\Lusitan.GPES.Infra.Repositorio.csproj", "{09281A8D-72C8-41FD-9F80-6B866E023683}"
EndProject
Project("{2150E333-8FDC-42A3-9474-1A3956D46DE8}") = "2 - Aplicacao", "2 - Aplicacao", "{6B5A6B22-AB87-438A-8A48-D9863C3B8B2A}"
EndProject
Project("{FAE04EC0-301F-11D3-BF4B-00C04F79EFBC}") = "Lusitan.GPES.Aplicacao", "Lusitan.GPES.Aplicacao\Lusitan.GPES.Aplicacao.csproj", "{7A082193-5C6A-468A-ACAC-7EDCC4811CCA}"
EndProject
Project("{2150E333-8FDC-42A3-9474-1A3956D46DE8}") = "1 - ServicosDistribuidos", "1 - ServicosDistribuidos", "{6210BBFB-83F2-4507-9533-D6F8F255BF84}"
EndProject
Project("{2150E333-8FDC-42A3-9474-1A3956D46DE8}") = "4.2 - IOC", "4.2 - IOC", "{F1BF1867-2AA2-477B-81DE-72DD5BC39151}"
EndProject
Project("{FAE04EC0-301F-11D3-BF4B-00C04F79EFBC}") = "Lusitan.GPES.Infra.IOC", "Lusitan.GPES.Infra.IOC\Lusitan.GPES.Infra.IOC.csproj", "{9536D1F2-868B-4901-9283-D7E006F3049E}"
EndProject
Project("{FAE04EC0-301F-11D3-BF4B-00C04F79EFBC}") = "Lusitan.GPES.WebApi", "Lusitan.GPES.WebApi\Lusitan.GPES.WebApi.csproj", "{4F07CB41-E126-4855-AF8C-8FDC110FB59E}"
EndProject
Global
	GlobalSection(SolutionConfigurationPlatforms) = preSolution
		Debug|Any CPU = Debug|Any CPU
		Release|Any CPU = Release|Any CPU
	EndGlobalSection
	GlobalSection(ProjectConfigurationPlatforms) = postSolution
		{0BEEA217-C6A6-4562-BC2C-7C08352EEDFA}.Debug|Any CPU.ActiveCfg = Debug|Any CPU
		{0BEEA217-C6A6-4562-BC2C-7C08352EEDFA}.Debug|Any CPU.Build.0 = Debug|Any CPU
		{0BEEA217-C6A6-4562-BC2C-7C08352EEDFA}.Release|Any CPU.ActiveCfg = Release|Any CPU
		{0BEEA217-C6A6-4562-BC2C-7C08352EEDFA}.Release|Any CPU.Build.0 = Release|Any CPU
		{09281A8D-72C8-41FD-9F80-6B866E023683}.Debug|Any CPU.ActiveCfg = Debug|Any CPU
		{09281A8D-72C8-41FD-9F80-6B866E023683}.Debug|Any CPU.Build.0 = Debug|Any CPU
		{09281A8D-72C8-41FD-9F80-6B866E023683}.Release|Any CPU.ActiveCfg = Release|Any CPU
		{09281A8D-72C8-41FD-9F80-6B866E023683}.Release|Any CPU.Build.0 = Release|Any CPU
		{7A082193-5C6A-468A-ACAC-7EDCC4811CCA}.Debug|Any CPU.ActiveCfg = Debug|Any CPU
		{7A082193-5C6A-468A-ACAC-7EDCC4811CCA}.Debug|Any CPU.Build.0 = Debug|Any CPU
		{7A082193-5C6A-468A-ACAC-7EDCC4811CCA}.Release|Any CPU.ActiveCfg = Release|Any CPU
		{7A082193-5C6A-468A-ACAC-7EDCC4811CCA}.Release|Any CPU.Build.0 = Release|Any CPU
		{9536D1F2-868B-4901-9283-D7E006F3049E}.Debug|Any CPU.ActiveCfg = Debug|Any CPU
		{9536D1F2-868B-4901-9283-D7E006F3049E}.Debug|Any CPU.Build.0 = Debug|Any CPU
		{9536D1F2-868B-4901-9283-D7E006F3049E}.Release|Any CPU.ActiveCfg = Release|Any CPU
		{9536D1F2-868B-4901-9283-D7E006F3049E}.Release|Any CPU.Build.0 = Release|Any CPU
		{4F07CB41-E126-4855-AF8C-8FDC110FB59E}.Debug|Any CPU.ActiveCfg = Debug|Any CPU
		{4F07CB41-E126-4855-AF8C-8FDC110FB59E}.Debug|Any CPU.Build.0 = Debug|Any CPU
		{4F07CB41-E126-4855-AF8C-8FDC110FB59E}.Release|Any CPU.ActiveCfg = Release|Any CPU
		{4F07CB41-E126-4855-AF8C-8FDC110FB59E}.Release|Any CPU.Build.0 = Release|Any CPU
	EndGlobalSection
	GlobalSection(SolutionProperties) = preSolution
		HideSolutionNode = FALSE
	EndGlobalSection
	GlobalSection(NestedProjects) = preSolution
		{0BEEA217-C6A6-4562-BC2C-7C08352EEDFA} = {8E6CBD7F-1AA3-4437-AC13-848987D00B55}
		{EE1A6A49-CB80-434D-B2E7-A51D216F3CB9} = {1E97AD90-AE56-4829-94C5-F0A725D58FC3}
		{09281A8D-72C8-41FD-9F80-6B866E023683} = {EE1A6A49-CB80-434D-B2E7-A51D216F3CB9}
		{7A082193-5C6A-468A-ACAC-7EDCC4811CCA} = {6B5A6B22-AB87-438A-8A48-D9863C3B8B2A}
		{F1BF1867-2AA2-477B-81DE-72DD5BC39151} = {1E97AD90-AE56-4829-94C5-F0A725D58FC3}
		{9536D1F2-868B-4901-9283-D7E006F3049E} = {F1BF1867-2AA2-477B-81DE-72DD5BC39151}
		{4F07CB41-E126-4855-AF8C-8FDC110FB59E} = {6210BBFB-83F2-4507-9533-D6F8F255BF84}
	EndGlobalSection
	GlobalSection(ExtensibilityGlobals) = postSolution
		SolutionGuid = {E23C1B84-CA9E-4C87-A202-3459D72AD09F}
	EndGlobalSection
EndGlobal
